
Microsoft Visual Studio Solution File, Format Version 12.00
# Visual Studio Version 16
VisualStudioVersion = 16.0.31025.194
MinimumVisualStudioVersion = 10.0.40219.1
Project("{FAE04EC0-301F-11D3-BF4B-00C04F79EFBC}") = "Двумерные массивы", "Двумерные массивы.csproj", "{2DA1EC13-3147-497F-8099-A747CE52386D}"
EndProject
Global
	GlobalSection(SolutionConfigurationPlatforms) = preSolution
		Debug|Any CPU = Debug|Any CPU
		Release|Any CPU = Release|Any CPU
	EndGlobalSection
	GlobalSection(ProjectConfigurationPlatforms) = postSolution
		{2DA1EC13-3147-497F-8099-A747CE52386D}.Debug|Any CPU.ActiveCfg = Debug|Any CPU
		{2DA1EC13-3147-497F-8099-A747CE52386D}.Debug|Any CPU.Build.0 = Debug|Any CPU
		{2DA1EC13-3147-497F-8099-A747CE52386D}.Release|Any CPU.ActiveCfg = Release|Any CPU
		{2DA1EC13-3147-497F-8099-A747CE52386D}.Release|Any CPU.Build.0 = Release|Any CPU
	EndGlobalSection
	GlobalSection(SolutionProperties) = preSolution
		HideSolutionNode = FALSE
	EndGlobalSection
	GlobalSection(ExtensibilityGlobals) = postSolution
		SolutionGuid = {8E8E683D-6C62-46DC-8B80-E66D57830EC7}
	EndGlobalSection
EndGlobal
